// !$*UTF8*$!
{
	archiveVersion = 1;
	classes = {
	};
	objectVersion = 56;
	objects = {

/* Begin PBXBuildFile section */
		AF73F7702A2C640300EB95A8 /* ResturantAppApp.swift in Sources */ = {isa = PBXBuildFile; fileRef = AF73F76F2A2C640300EB95A8 /* ResturantAppApp.swift */; };
		AF73F7722A2C640300EB95A8 /* ContentView.swift in Sources */ = {isa = PBXBuildFile; fileRef = AF73F7712A2C640300EB95A8 /* ContentView.swift */; };
		AF73F7742A2C640500EB95A8 /* Assets.xcassets in Resources */ = {isa = PBXBuildFile; fileRef = AF73F7732A2C640500EB95A8 /* Assets.xcassets */; };
		AF73F7782A2C640500EB95A8 /* Preview Assets.xcassets in Resources */ = {isa = PBXBuildFile; fileRef = AF73F7772A2C640500EB95A8 /* Preview Assets.xcassets */; };
		AF73F7822A2C640500EB95A8 /* ResturantAppTests.swift in Sources */ = {isa = PBXBuildFile; fileRef = AF73F7812A2C640500EB95A8 /* ResturantAppTests.swift */; };
		AF73F78C2A2C640500EB95A8 /* ResturantAppUITests.swift in Sources */ = {isa = PBXBuildFile; fileRef = AF73F78B2A2C640500EB95A8 /* ResturantAppUITests.swift */; };
		AF73F78E2A2C640500EB95A8 /* ResturantAppUITestsLaunchTests.swift in Sources */ = {isa = PBXBuildFile; fileRef = AF73F78D2A2C640500EB95A8 /* ResturantAppUITestsLaunchTests.swift */; };
/* End PBXBuildFile section */

/* Begin PBXContainerItemProxy section */
		AF73F77E2A2C640500EB95A8 /* PBXContainerItemProxy */ = {
			isa = PBXContainerItemProxy;
			containerPortal = AF73F7642A2C640300EB95A8 /* Project object */;
			proxyType = 1;
			remoteGlobalIDString = AF73F76B2A2C640300EB95A8;
			remoteInfo = ResturantApp;
		};
		AF73F7882A2C640500EB95A8 /* PBXContainerItemProxy */ = {
			isa = PBXContainerItemProxy;
			containerPortal = AF73F7642A2C640300EB95A8 /* Project object */;
			proxyType = 1;
			remoteGlobalIDString = AF73F76B2A2C640300EB95A8;
			remoteInfo = ResturantApp;
		};
/* End PBXContainerItemProxy section */

/* Begin PBXFileReference section */
		AF73F76C2A2C640300EB95A8 /* ResturantApp.app */ = {isa = PBXFileReference; explicitFileType = wrapper.application; includeInIndex = 0; path = ResturantApp.app; sourceTree = BUILT_PRODUCTS_DIR; };
		AF73F76F2A2C640300EB95A8 /* ResturantAppApp.swift */ = {isa = PBXFileReference; lastKnownFileType = sourcecode.swift; path = ResturantAppApp.swift; sourceTree = "<group>"; };
		AF73F7712A2C640300EB95A8 /* ContentView.swift */ = {isa = PBXFileReference; lastKnownFileType = sourcecode.swift; path = ContentView.swift; sourceTree = "<group>"; };
		AF73F7732A2C640500EB95A8 /* Assets.xcassets */ = {isa = PBXFileReference; lastKnownFileType = folder.assetcatalog; path = Assets.xcassets; sourceTree = "<group>"; };
		AF73F7752A2C640500EB95A8 /* ResturantApp.entitlements */ = {isa = PBXFileReference; lastKnownFileType = text.plist.entitlements; path = ResturantApp.entitlements; sourceTree = "<group>"; };
		AF73F7772A2C640500EB95A8 /* Preview Assets.xcassets */ = {isa = PBXFileReference; lastKnownFileType = folder.assetcatalog; path = "Preview Assets.xcassets"; sourceTree = "<group>"; };
		AF73F77D2A2C640500EB95A8 /* ResturantAppTests.xctest */ = {isa = PBXFileReference; explicitFileType = wrapper.cfbundle; includeInIndex = 0; path = ResturantAppTests.xctest; sourceTree = BUILT_PRODUCTS_DIR; };
		AF73F7812A2C640500EB95A8 /* ResturantAppTests.swift */ = {isa = PBXFileReference; lastKnownFileType = sourcecode.swift; path = ResturantAppTests.swift; sourceTree = "<group>"; };
		AF73F7872A2C640500EB95A8 /* ResturantAppUITests.xctest */ = {isa = PBXFileReference; explicitFileType = wrapper.cfbundle; includeInIndex = 0; path = ResturantAppUITests.xctest; sourceTree = BUILT_PRODUCTS_DIR; };
		AF73F78B2A2C640500EB95A8 /* ResturantAppUITests.swift */ = {isa = PBXFileReference; lastKnownFileType = sourcecode.swift; path = ResturantAppUITests.swift; sourceTree = "<group>"; };
		AF73F78D2A2C640500EB95A8 /* ResturantAppUITestsLaunchTests.swift */ = {isa = PBXFileReference; lastKnownFileType = sourcecode.swift; path = ResturantAppUITestsLaunchTests.swift; sourceTree = "<group>"; };
/* End PBXFileReference section */

/* Begin PBXFrameworksBuildPhase section */
		AF73F7692A2C640300EB95A8 /* Frameworks */ = {
			isa = PBXFrameworksBuildPhase;
			buildActionMask = 2147483647;
			files = (
			);
			runOnlyForDeploymentPostprocessing = 0;
		};
		AF73F77A2A2C640500EB95A8 /* Frameworks */ = {
			isa = PBXFrameworksBuildPhase;
			buildActionMask = 2147483647;
			files = (
			);
			runOnlyForDeploymentPostprocessing = 0;
		};
		AF73F7842A2C640500EB95A8 /* Frameworks */ = {
			isa = PBXFrameworksBuildPhase;
			buildActionMask = 2147483647;
			files = (
			);
			runOnlyForDeploymentPostprocessing = 0;
		};
/* End PBXFrameworksBuildPhase section */

/* Begin PBXGroup section */
		AF73F7632A2C640300EB95A8 = {
			isa = PBXGroup;
			children = (
				AF73F76E2A2C640300EB95A8 /* ResturantApp */,
				AF73F7802A2C640500EB95A8 /* ResturantAppTests */,
				AF73F78A2A2C640500EB95A8 /* ResturantAppUITests */,
				AF73F76D2A2C640300EB95A8 /* Products */,
			);
			sourceTree = "<group>";
		};
		AF73F76D2A2C640300EB95A8 /* Products */ = {
			isa = PBXGroup;
			children = (
				AF73F76C2A2C640300EB95A8 /* ResturantApp.app */,
				AF73F77D2A2C640500EB95A8 /* ResturantAppTests.xctest */,
				AF73F7872A2C640500EB95A8 /* ResturantAppUITests.xctest */,
			);
			name = Products;
			sourceTree = "<group>";
		};
		AF73F76E2A2C640300EB95A8 /* ResturantApp */ = {
			isa = PBXGroup;
			children = (
				AF73F76F2A2C640300EB95A8 /* ResturantAppApp.swift */,
				AF73F7712A2C640300EB95A8 /* ContentView.swift */,
				AF73F7732A2C640500EB95A8 /* Assets.xcassets */,
				AF73F7752A2C640500EB95A8 /* ResturantApp.entitlements */,
				AF73F7762A2C640500EB95A8 /* Preview Content */,
			);
			path = ResturantApp;
			sourceTree = "<group>";
		};
		AF73F7762A2C640500EB95A8 /* Preview Content */ = {
			isa = PBXGroup;
			children = (
				AF73F7772A2C640500EB95A8 /* Preview Assets.xcassets */,
			);
			path = "Preview Content";
			sourceTree = "<group>";
		};
		AF73F7802A2C640500EB95A8 /* ResturantAppTests */ = {
			isa = PBXGroup;
			children = (
				AF73F7812A2C640500EB95A8 /* ResturantAppTests.swift */,
			);
			path = ResturantAppTests;
			sourceTree = "<group>";
		};
		AF73F78A2A2C640500EB95A8 /* ResturantAppUITests */ = {
			isa = PBXGroup;
			children = (
				AF73F78B2A2C640500EB95A8 /* ResturantAppUITests.swift */,
				AF73F78D2A2C640500EB95A8 /* ResturantAppUITestsLaunchTests.swift */,
			);
			path = ResturantAppUITests;
			sourceTree = "<group>";
		};
/* End PBXGroup section */

/* Begin PBXNativeTarget section */
		AF73F76B2A2C640300EB95A8 /* ResturantApp */ = {
			isa = PBXNativeTarget;
			buildConfigurationList = AF73F7912A2C640500EB95A8 /* Build configuration list for PBXNativeTarget "ResturantApp" */;
			buildPhases = (
				AF73F7682A2C640300EB95A8 /* Sources */,
				AF73F7692A2C640300EB95A8 /* Frameworks */,
				AF73F76A2A2C640300EB95A8 /* Resources */,
			);
			buildRules = (
			);
			dependencies = (
			);
			name = ResturantApp;
			productName = ResturantApp;
			productReference = AF73F76C2A2C640300EB95A8 /* ResturantApp.app */;
			productType = "com.apple.product-type.application";
		};
		AF73F77C2A2C640500EB95A8 /* ResturantAppTests */ = {
			isa = PBXNativeTarget;
			buildConfigurationList = AF73F7942A2C640500EB95A8 /* Build configuration list for PBXNativeTarget "ResturantAppTests" */;
			buildPhases = (
				AF73F7792A2C640500EB95A8 /* Sources */,
				AF73F77A2A2C640500EB95A8 /* Frameworks */,
				AF73F77B2A2C640500EB95A8 /* Resources */,
			);
			buildRules = (
			);
			dependencies = (
				AF73F77F2A2C640500EB95A8 /* PBXTargetDependency */,
			);
			name = ResturantAppTests;
			productName = ResturantAppTests;
			productReference = AF73F77D2A2C640500EB95A8 /* ResturantAppTests.xctest */;
			productType = "com.apple.product-type.bundle.unit-test";
		};
		AF73F7862A2C640500EB95A8 /* ResturantAppUITests */ = {
			isa = PBXNativeTarget;
			buildConfigurationList = AF73F7972A2C640500EB95A8 /* Build configuration list for PBXNativeTarget "ResturantAppUITests" */;
			buildPhases = (
				AF73F7832A2C640500EB95A8 /* Sources */,
				AF73F7842A2C640500EB95A8 /* Frameworks */,
				AF73F7852A2C640500EB95A8 /* Resources */,
			);
			buildRules = (
			);
			dependencies = (
				AF73F7892A2C640500EB95A8 /* PBXTargetDependency */,
			);
			name = ResturantAppUITests;
			productName = ResturantAppUITests;
			productReference = AF73F7872A2C640500EB95A8 /* ResturantAppUITests.xctest */;
			productType = "com.apple.product-type.bundle.ui-testing";
		};
/* End PBXNativeTarget section */

/* Begin PBXProject section */
		AF73F7642A2C640300EB95A8 /* Project object */ = {
			isa = PBXProject;
			attributes = {
				BuildIndependentTargetsInParallel = 1;
				LastSwiftUpdateCheck = 1420;
				LastUpgradeCheck = 1420;
				TargetAttributes = {
					AF73F76B2A2C640300EB95A8 = {
						CreatedOnToolsVersion = 14.2;
					};
					AF73F77C2A2C640500EB95A8 = {
						CreatedOnToolsVersion = 14.2;
						TestTargetID = AF73F76B2A2C640300EB95A8;
					};
					AF73F7862A2C640500EB95A8 = {
						CreatedOnToolsVersion = 14.2;
						TestTargetID = AF73F76B2A2C640300EB95A8;
					};
				};
			};
			buildConfigurationList = AF73F7672A2C640300EB95A8 /* Build configuration list for PBXProject "ResturantApp" */;
			compatibilityVersion = "Xcode 14.0";
			developmentRegion = en;
			hasScannedForEncodings = 0;
			knownRegions = (
				en,
				Base,
			);
			mainGroup = AF73F7632A2C640300EB95A8;
			productRefGroup = AF73F76D2A2C640300EB95A8 /* Products */;
			projectDirPath = "";
			projectRoot = "";
			targets = (
				AF73F76B2A2C640300EB95A8 /* ResturantApp */,
				AF73F77C2A2C640500EB95A8 /* ResturantAppTests */,
				AF73F7862A2C640500EB95A8 /* ResturantAppUITests */,
			);
		};
/* End PBXProject section */

/* Begin PBXResourcesBuildPhase section */
		AF73F76A2A2C640300EB95A8 /* Resources */ = {
			isa = PBXResourcesBuildPhase;
			buildActionMask = 2147483647;
			files = (
				AF73F7782A2C640500EB95A8 /* Preview Assets.xcassets in Resources */,
				AF73F7742A2C640500EB95A8 /* Assets.xcassets in Resources */,
			);
			runOnlyForDeploymentPostprocessing = 0;
		};
		AF73F77B2A2C640500EB95A8 /* Resources */ = {
			isa = PBXResourcesBuildPhase;
			buildActionMask = 2147483647;
			files = (
			);
			runOnlyForDeploymentPostprocessing = 0;
		};
		AF73F7852A2C640500EB95A8 /* Resources */ = {
			isa = PBXResourcesBuildPhase;
			buildActionMask = 2147483647;
			files = (
			);
			runOnlyForDeploymentPostprocessing = 0;
		};
/* End PBXResourcesBuildPhase section */

/* Begin PBXSourcesBuildPhase section */
		AF73F7682A2C640300EB95A8 /* Sources */ = {
			isa = PBXSourcesBuildPhase;
			buildActionMask = 2147483647;
			files = (
				AF73F7722A2C640300EB95A8 /* ContentView.swift in Sources */,
				AF73F7702A2C640300EB95A8 /* ResturantAppApp.swift in Sources */,
			);
			runOnlyForDeploymentPostprocessing = 0;
		};
		AF73F7792A2C640500EB95A8 /* Sources */ = {
			isa = PBXSourcesBuildPhase;
			buildActionMask = 2147483647;
			files = (
				AF73F7822A2C640500EB95A8 /* ResturantAppTests.swift in Sources */,
			);
			runOnlyForDeploymentPostprocessing = 0;
		};
		AF73F7832A2C640500EB95A8 /* Sources */ = {
			isa = PBXSourcesBuildPhase;
			buildActionMask = 2147483647;
			files = (
				AF73F78C2A2C640500EB95A8 /* ResturantAppUITests.swift in Sources */,
				AF73F78E2A2C640500EB95A8 /* ResturantAppUITestsLaunchTests.swift in Sources */,
			);
			runOnlyForDeploymentPostprocessing = 0;
		};
/* End PBXSourcesBuildPhase section */

/* Begin PBXTargetDependency section */
		AF73F77F2A2C640500EB95A8 /* PBXTargetDependency */ = {
			isa = PBXTargetDependency;
			target = AF73F76B2A2C640300EB95A8 /* ResturantApp */;
			targetProxy = AF73F77E2A2C640500EB95A8 /* PBXContainerItemProxy */;
		};
		AF73F7892A2C640500EB95A8 /* PBXTargetDependency */ = {
			isa = PBXTargetDependency;
			target = AF73F76B2A2C640300EB95A8 /* ResturantApp */;
			targetProxy = AF73F7882A2C640500EB95A8 /* PBXContainerItemProxy */;
		};
/* End PBXTargetDependency section */

/* Begin XCBuildConfiguration section */
		AF73F78F2A2C640500EB95A8 /* Debug */ = {
			isa = XCBuildConfiguration;
			buildSettings = {
				ALWAYS_SEARCH_USER_PATHS = NO;
				CLANG_ANALYZER_NONNULL = YES;
				CLANG_ANALYZER_NUMBER_OBJECT_CONVERSION = YES_AGGRESSIVE;
				CLANG_CXX_LANGUAGE_STANDARD = "gnu++20";
				CLANG_ENABLE_MODULES = YES;
				CLANG_ENABLE_OBJC_ARC = YES;
				CLANG_ENABLE_OBJC_WEAK = YES;
				CLANG_WARN_BLOCK_CAPTURE_AUTORELEASING = YES;
				CLANG_WARN_BOOL_CONVERSION = YES;
				CLANG_WARN_COMMA = YES;
				CLANG_WARN_CONSTANT_CONVERSION = YES;
				CLANG_WARN_DEPRECATED_OBJC_IMPLEMENTATIONS = YES;
				CLANG_WARN_DIRECT_OBJC_ISA_USAGE = YES_ERROR;
				CLANG_WARN_DOCUMENTATION_COMMENTS = YES;
				CLANG_WARN_EMPTY_BODY = YES;
				CLANG_WARN_ENUM_CONVERSION = YES;
				CLANG_WARN_INFINITE_RECURSION = YES;
				CLANG_WARN_INT_CONVERSION = YES;
				CLANG_WARN_NON_LITERAL_NULL_CONVERSION = YES;
				CLANG_WARN_OBJC_IMPLICIT_RETAIN_SELF = YES;
				CLANG_WARN_OBJC_LITERAL_CONVERSION = YES;
				CLANG_WARN_OBJC_ROOT_CLASS = YES_ERROR;
				CLANG_WARN_QUOTED_INCLUDE_IN_FRAMEWORK_HEADER = YES;
				CLANG_WARN_RANGE_LOOP_ANALYSIS = YES;
				CLANG_WARN_STRICT_PROTOTYPES = YES;
				CLANG_WARN_SUSPICIOUS_MOVE = YES;
				CLANG_WARN_UNGUARDED_AVAILABILITY = YES_AGGRESSIVE;
				CLANG_WARN_UNREACHABLE_CODE = YES;
				CLANG_WARN__DUPLICATE_METHOD_MATCH = YES;
				COPY_PHASE_STRIP = NO;
				DEBUG_INFORMATION_FORMAT = dwarf;
				ENABLE_STRICT_OBJC_MSGSEND = YES;
				ENABLE_TESTABILITY = YES;
				GCC_C_LANGUAGE_STANDARD = gnu11;
				GCC_DYNAMIC_NO_PIC = NO;
				GCC_NO_COMMON_BLOCKS = YES;
				GCC_OPTIMIZATION_LEVEL = 0;
				GCC_PREPROCESSOR_DEFINITIONS = (
					"DEBUG=1",
					"$(inherited)",
				);
				GCC_WARN_64_TO_32_BIT_CONVERSION = YES;
				GCC_WARN_ABOUT_RETURN_TYPE = YES_ERROR;
				GCC_WARN_UNDECLARED_SELECTOR = YES;
				GCC_WARN_UNINITIALIZED_AUTOS = YES_AGGRESSIVE;
				GCC_WARN_UNUSED_FUNCTION = YES;
				GCC_WARN_UNUSED_VARIABLE = YES;
				MTL_ENABLE_DEBUG_INFO = INCLUDE_SOURCE;
				MTL_FAST_MATH = YES;
				ONLY_ACTIVE_ARCH = YES;
				SWIFT_ACTIVE_COMPILATION_CONDITIONS = DEBUG;
				SWIFT_OPTIMIZATION_LEVEL = "-Onone";
			};
			name = Debug;
		};
		AF73F7902A2C640500EB95A8 /* Release */ = {
			isa = XCBuildConfiguration;
			buildSettings = {
				ALWAYS_SEARCH_USER_PATHS = NO;
				CLANG_ANALYZER_NONNULL = YES;
				CLANG_ANALYZER_NUMBER_OBJECT_CONVERSION = YES_AGGRESSIVE;
				CLANG_CXX_LANGUAGE_STANDARD = "gnu++20";
				CLANG_ENABLE_MODULES = YES;
				CLANG_ENABLE_OBJC_ARC = YES;
				CLANG_ENABLE_OBJC_WEAK = YES;
				CLANG_WARN_BLOCK_CAPTURE_AUTORELEASING = YES;
				CLANG_WARN_BOOL_CONVERSION = YES;
				CLANG_WARN_COMMA = YES;
				CLANG_WARN_CONSTANT_CONVERSION = YES;
				CLANG_WARN_DEPRECATED_OBJC_IMPLEMENTATIONS = YES;
				CLANG_WARN_DIRECT_OBJC_ISA_USAGE = YES_ERROR;
				CLANG_WARN_DOCUMENTATION_COMMENTS = YES;
				CLANG_WARN_EMPTY_BODY = YES;
				CLANG_WARN_ENUM_CONVERSION = YES;
				CLANG_WARN_INFINITE_RECURSION = YES;
				CLANG_WARN_INT_CONVERSION = YES;
				CLANG_WARN_NON_LITERAL_NULL_CONVERSION = YES;
				CLANG_WARN_OBJC_IMPLICIT_RETAIN_SELF = YES;
				CLANG_WARN_OBJC_LITERAL_CONVERSION = YES;
				CLANG_WARN_OBJC_ROOT_CLASS = YES_ERROR;
				CLANG_WARN_QUOTED_INCLUDE_IN_FRAMEWORK_HEADER = YES;
				CLANG_WARN_RANGE_LOOP_ANALYSIS = YES;
				CLANG_WARN_STRICT_PROTOTYPES = YES;
				CLANG_WARN_SUSPICIOUS_MOVE = YES;
				CLANG_WARN_UNGUARDED_AVAILABILITY = YES_AGGRESSIVE;
				CLANG_WARN_UNREACHABLE_CODE = YES;
				CLANG_WARN__DUPLICATE_METHOD_MATCH = YES;
				COPY_PHASE_STRIP = NO;
				DEBUG_INFORMATION_FORMAT = "dwarf-with-dsym";
				ENABLE_NS_ASSERTIONS = NO;
				ENABLE_STRICT_OBJC_MSGSEND = YES;
				GCC_C_LANGUAGE_STANDARD = gnu11;
				GCC_NO_COMMON_BLOCKS = YES;
				GCC_WARN_64_TO_32_BIT_CONVERSION = YES;
				GCC_WARN_ABOUT_RETURN_TYPE = YES_ERROR;
				GCC_WARN_UNDECLARED_SELECTOR = YES;
				GCC_WARN_UNINITIALIZED_AUTOS = YES_AGGRESSIVE;
				GCC_WARN_UNUSED_FUNCTION = YES;
				GCC_WARN_UNUSED_VARIABLE = YES;
				MTL_ENABLE_DEBUG_INFO = NO;
				MTL_FAST_MATH = YES;
				SWIFT_COMPILATION_MODE = wholemodule;
				SWIFT_OPTIMIZATION_LEVEL = "-O";
			};
			name = Release;
		};
		AF73F7922A2C640500EB95A8 /* Debug */ = {
			isa = XCBuildConfiguration;
			buildSettings = {
				ASSETCATALOG_COMPILER_APPICON_NAME = AppIcon;
				ASSETCATALOG_COMPILER_GLOBAL_ACCENT_COLOR_NAME = AccentColor;
				CODE_SIGN_ENTITLEMENTS = ResturantApp/ResturantApp.entitlements;
				CODE_SIGN_STYLE = Automatic;
				CURRENT_PROJECT_VERSION = 1;
				DEVELOPMENT_ASSET_PATHS = "\"ResturantApp/Preview Content\"";
				ENABLE_PREVIEWS = YES;
				GENERATE_INFOPLIST_FILE = YES;
				"INFOPLIST_KEY_UIApplicationSceneManifest_Generation[sdk=iphoneos*]" = YES;
				"INFOPLIST_KEY_UIApplicationSceneManifest_Generation[sdk=iphonesimulator*]" = YES;
				"INFOPLIST_KEY_UIApplicationSupportsIndirectInputEvents[sdk=iphoneos*]" = YES;
				"INFOPLIST_KEY_UIApplicationSupportsIndirectInputEvents[sdk=iphonesimulator*]" = YES;
				"INFOPLIST_KEY_UILaunchScreen_Generation[sdk=iphoneos*]" = YES;
				"INFOPLIST_KEY_UILaunchScreen_Generation[sdk=iphonesimulator*]" = YES;
				"INFOPLIST_KEY_UIStatusBarStyle[sdk=iphoneos*]" = UIStatusBarStyleDefault;
				"INFOPLIST_KEY_UIStatusBarStyle[sdk=iphonesimulator*]" = UIStatusBarStyleDefault;
				INFOPLIST_KEY_UISupportedInterfaceOrientations_iPad = "UIInterfaceOrientationPortrait UIInterfaceOrientationPortraitUpsideDown UIInterfaceOrientationLandscapeLeft UIInterfaceOrientationLandscapeRight";
				INFOPLIST_KEY_UISupportedInterfaceOrientations_iPhone = "UIInterfaceOrientationPortrait UIInterfaceOrientationLandscapeLeft UIInterfaceOrientationLandscapeRight";
				IPHONEOS_DEPLOYMENT_TARGET = 16.2;
				LD_RUNPATH_SEARCH_PATHS = "@executable_path/Frameworks";
				"LD_RUNPATH_SEARCH_PATHS[sdk=macosx*]" = "@executable_path/../Frameworks";
				MACOSX_DEPLOYMENT_TARGET = 12.6;
				MARKETING_VERSION = 1.0;
				PRODUCT_BUNDLE_IDENTIFIER = play.ResturantApp;
				PRODUCT_NAME = "$(TARGET_NAME)";
				SDKROOT = auto;
				SUPPORTED_PLATFORMS = "iphoneos iphonesimulator macosx";
				SWIFT_EMIT_LOC_STRINGS = YES;
				SWIFT_VERSION = 5.0;
				TARGETED_DEVICE_FAMILY = "1,2";
			};
			name = Debug;
		};
		AF73F7932A2C640500EB95A8 /* Release */ = {
			isa = XCBuildConfiguration;
			buildSettings = {
				ASSETCATALOG_COMPILER_APPICON_NAME = AppIcon;
				ASSETCATALOG_COMPILER_GLOBAL_ACCENT_COLOR_NAME = AccentColor;
				CODE_SIGN_ENTITLEMENTS = ResturantApp/ResturantApp.entitlements;
				CODE_SIGN_STYLE = Automatic;
				CURRENT_PROJECT_VERSION = 1;
				DEVELOPMENT_ASSET_PATHS = "\"ResturantApp/Preview Content\"";
				ENABLE_PREVIEWS = YES;
				GENERATE_INFOPLIST_FILE = YES;
				"INFOPLIST_KEY_UIApplicationSceneManifest_Generation[sdk=iphoneos*]" = YES;
				"INFOPLIST_KEY_UIApplicationSceneManifest_Generation[sdk=iphonesimulator*]" = YES;
				"INFOPLIST_KEY_UIApplicationSupportsIndirectInputEvents[sdk=iphoneos*]" = YES;
				"INFOPLIST_KEY_UIApplicationSupportsIndirectInputEvents[sdk=iphonesimulator*]" = YES;
				"INFOPLIST_KEY_UILaunchScreen_Generation[sdk=iphoneos*]" = YES;
				"INFOPLIST_KEY_UILaunchScreen_Generation[sdk=iphonesimulator*]" = YES;
				"INFOPLIST_KEY_UIStatusBarStyle[sdk=iphoneos*]" = UIStatusBarStyleDefault;
				"INFOPLIST_KEY_UIStatusBarStyle[sdk=iphonesimulator*]" = UIStatusBarStyleDefault;
				INFOPLIST_KEY_UISupportedInterfaceOrientations_iPad = "UIInterfaceOrientationPortrait UIInterfaceOrientationPortraitUpsideDown UIInterfaceOrientationLandscapeLeft UIInterfaceOrientationLandscapeRight";
				INFOPLIST_KEY_UISupportedInterfaceOrientations_iPhone = "UIInterfaceOrientationPortrait UIInterfaceOrientationLandscapeLeft UIInterfaceOrientationLandscapeRight";
				IPHONEOS_DEPLOYMENT_TARGET = 16.2;
				LD_RUNPATH_SEARCH_PATHS = "@executable_path/Frameworks";
				"LD_RUNPATH_SEARCH_PATHS[sdk=macosx*]" = "@executable_path/../Frameworks";
				MACOSX_DEPLOYMENT_TARGET = 12.6;
				MARKETING_VERSION = 1.0;
				PRODUCT_BUNDLE_IDENTIFIER = play.ResturantApp;
				PRODUCT_NAME = "$(TARGET_NAME)";
				SDKROOT = auto;
				SUPPORTED_PLATFORMS = "iphoneos iphonesimulator macosx";
				SWIFT_EMIT_LOC_STRINGS = YES;
				SWIFT_VERSION = 5.0;
				TARGETED_DEVICE_FAMILY = "1,2";
			};
			name = Release;
		};
		AF73F7952A2C640500EB95A8 /* Debug */ = {
			isa = XCBuildConfiguration;
			buildSettings = {
				ALWAYS_EMBED_SWIFT_STANDARD_LIBRARIES = YES;
				BUNDLE_LOADER = "$(TEST_HOST)";
				CODE_SIGN_STYLE = Automatic;
				CURRENT_PROJECT_VERSION = 1;
				GENERATE_INFOPLIST_FILE = YES;
				IPHONEOS_DEPLOYMENT_TARGET = 16.2;
				MACOSX_DEPLOYMENT_TARGET = 12.6;
				MARKETING_VERSION = 1.0;
				PRODUCT_BUNDLE_IDENTIFIER = play.ResturantAppTests;
				PRODUCT_NAME = "$(TARGET_NAME)";
				SDKROOT = auto;
				SUPPORTED_PLATFORMS = "iphoneos iphonesimulator macosx";
				SWIFT_EMIT_LOC_STRINGS = NO;
				SWIFT_VERSION = 5.0;
				TARGETED_DEVICE_FAMILY = "1,2";
				TEST_HOST = "$(BUILT_PRODUCTS_DIR)/ResturantApp.app/$(BUNDLE_EXECUTABLE_FOLDER_PATH)/ResturantApp";
			};
			name = Debug;
		};
		AF73F7962A2C640500EB95A8 /* Release */ = {
			isa = XCBuildConfiguration;
			buildSettings = {
				ALWAYS_EMBED_SWIFT_STANDARD_LIBRARIES = YES;
				BUNDLE_LOADER = "$(TEST_HOST)";
				CODE_SIGN_STYLE = Automatic;
				CURRENT_PROJECT_VERSION = 1;
				GENERATE_INFOPLIST_FILE = YES;
				IPHONEOS_DEPLOYMENT_TARGET = 16.2;
				MACOSX_DEPLOYMENT_TARGET = 12.6;
				MARKETING_VERSION = 1.0;
				PRODUCT_BUNDLE_IDENTIFIER = play.ResturantAppTests;
				PRODUCT_NAME = "$(TARGET_NAME)";
				SDKROOT = auto;
				SUPPORTED_PLATFORMS = "iphoneos iphonesimulator macosx";
				SWIFT_EMIT_LOC_STRINGS = NO;
				SWIFT_VERSION = 5.0;
				TARGETED_DEVICE_FAMILY = "1,2";
				TEST_HOST = "$(BUILT_PRODUCTS_DIR)/ResturantApp.app/$(BUNDLE_EXECUTABLE_FOLDER_PATH)/ResturantApp";
			};
			name = Release;
		};
		AF73F7982A2C640500EB95A8 /* Debug */ = {
			isa = XCBuildConfiguration;
			buildSettings = {
				ALWAYS_EMBED_SWIFT_STANDARD_LIBRARIES = YES;
				CODE_SIGN_STYLE = Automatic;
				CURRENT_PROJECT_VERSION = 1;
				GENERATE_INFOPLIST_FILE = YES;
				IPHONEOS_DEPLOYMENT_TARGET = 16.2;
				MACOSX_DEPLOYMENT_TARGET = 12.6;
				MARKETING_VERSION = 1.0;
				PRODUCT_BUNDLE_IDENTIFIER = play.ResturantAppUITests;
				PRODUCT_NAME = "$(TARGET_NAME)";
				SDKROOT = auto;
				SUPPORTED_PLATFORMS = "iphoneos iphonesimulator macosx";
				SWIFT_EMIT_LOC_STRINGS = NO;
				SWIFT_VERSION = 5.0;
				TARGETED_DEVICE_FAMILY = "1,2";
				TEST_TARGET_NAME = ResturantApp;
			};
			name = Debug;
		};
		AF73F7992A2C640500EB95A8 /* Release */ = {
			isa = XCBuildConfiguration;
			buildSettings = {
				ALWAYS_EMBED_SWIFT_STANDARD_LIBRARIES = YES;
				CODE_SIGN_STYLE = Automatic;
				CURRENT_PROJECT_VERSION = 1;
				GENERATE_INFOPLIST_FILE = YES;
				IPHONEOS_DEPLOYMENT_TARGET = 16.2;
				MACOSX_DEPLOYMENT_TARGET = 12.6;
				MARKETING_VERSION = 1.0;
				PRODUCT_BUNDLE_IDENTIFIER = play.ResturantAppUITests;
				PRODUCT_NAME = "$(TARGET_NAME)";
				SDKROOT = auto;
				SUPPORTED_PLATFORMS = "iphoneos iphonesimulator macosx";
				SWIFT_EMIT_LOC_STRINGS = NO;
				SWIFT_VERSION = 5.0;
				TARGETED_DEVICE_FAMILY = "1,2";
				TEST_TARGET_NAME = ResturantApp;
			};
			name = Release;
		};
/* End XCBuildConfiguration section */

/* Begin XCConfigurationList section */
		AF73F7672A2C640300EB95A8 /* Build configuration list for PBXProject "ResturantApp" */ = {
			isa = XCConfigurationList;
			buildConfigurations = (
				AF73F78F2A2C640500EB95A8 /* Debug */,
				AF73F7902A2C640500EB95A8 /* Release */,
			);
			defaultConfigurationIsVisible = 0;
			defaultConfigurationName = Release;
		};
		AF73F7912A2C640500EB95A8 /* Build configuration list for PBXNativeTarget "ResturantApp" */ = {
			isa = XCConfigurationList;
			buildConfigurations = (
				AF73F7922A2C640500EB95A8 /* Debug */,
				AF73F7932A2C640500EB95A8 /* Release */,
			);
			defaultConfigurationIsVisible = 0;
			defaultConfigurationName = Release;
		};
		AF73F7942A2C640500EB95A8 /* Build configuration list for PBXNativeTarget "ResturantAppTests" */ = {
			isa = XCConfigurationList;
			buildConfigurations = (
				AF73F7952A2C640500EB95A8 /* Debug */,
				AF73F7962A2C640500EB95A8 /* Release */,
			);
			defaultConfigurationIsVisible = 0;
			defaultConfigurationName = Release;
		};
		AF73F7972A2C640500EB95A8 /* Build configuration list for PBXNativeTarget "ResturantAppUITests" */ = {
			isa = XCConfigurationList;
			buildConfigurations = (
				AF73F7982A2C640500EB95A8 /* Debug */,
				AF73F7992A2C640500EB95A8 /* Release */,
			);
			defaultConfigurationIsVisible = 0;
			defaultConfigurationName = Release;
		};
/* End XCConfigurationList section */
	};
	rootObject = AF73F7642A2C640300EB95A8 /* Project object */;
}
